// !$*UTF8*$!
{
	archiveVersion = 1;
	classes = {
	};
	objectVersion = 55;
	objects = {

/* Begin PBXBuildFile section */
		EA0EA985290AF1290095A001 /* SwiftyColor in Frameworks */ = {isa = PBXBuildFile; productRef = EA0EA984290AF1290095A001 /* SwiftyColor */; };
		EA3B4B5028F539D600AD9AE8 /* UIButton+Extension.swift in Sources */ = {isa = PBXBuildFile; fileRef = EA3B4B4F28F539D600AD9AE8 /* UIButton+Extension.swift */; };
		EA4F8D5228EBDA8700216891 /* AppDelegate.swift in Sources */ = {isa = PBXBuildFile; fileRef = EA4F8D5128EBDA8700216891 /* AppDelegate.swift */; };
		EA4F8D5428EBDA8700216891 /* SceneDelegate.swift in Sources */ = {isa = PBXBuildFile; fileRef = EA4F8D5328EBDA8700216891 /* SceneDelegate.swift */; };
		EA4F8D5628EBDA8700216891 /* KakaoLoginViewController.swift in Sources */ = {isa = PBXBuildFile; fileRef = EA4F8D5528EBDA8700216891 /* KakaoLoginViewController.swift */; };
		EA4F8D5928EBDA8700216891 /* Main.storyboard in Resources */ = {isa = PBXBuildFile; fileRef = EA4F8D5728EBDA8700216891 /* Main.storyboard */; };
		EA4F8D5B28EBDA8800216891 /* Assets.xcassets in Resources */ = {isa = PBXBuildFile; fileRef = EA4F8D5A28EBDA8800216891 /* Assets.xcassets */; };
		EA4F8D5E28EBDA8800216891 /* LaunchScreen.storyboard in Resources */ = {isa = PBXBuildFile; fileRef = EA4F8D5C28EBDA8800216891 /* LaunchScreen.storyboard */; };
		EA4F8D6628EBFC0600216891 /* CreateKakaoAccountViewController.swift in Sources */ = {isa = PBXBuildFile; fileRef = EA4F8D6528EBFC0600216891 /* CreateKakaoAccountViewController.swift */; };
		EA4F8D6828EC0D0800216891 /* KakaoLoginSuccessViewController.swift in Sources */ = {isa = PBXBuildFile; fileRef = EA4F8D6728EC0D0800216891 /* KakaoLoginSuccessViewController.swift */; };
		EA70612128F47EA700F42BE1 /* SnapKit in Frameworks */ = {isa = PBXBuildFile; productRef = EA70612028F47EA700F42BE1 /* SnapKit */; };
		EA70612328F47F4700F42BE1 /* FriendListViewController.swift in Sources */ = {isa = PBXBuildFile; fileRef = EA70612228F47F4700F42BE1 /* FriendListViewController.swift */; };
		EA70612928F4906B00F42BE1 /* ProfileViewController.swift in Sources */ = {isa = PBXBuildFile; fileRef = EA70612828F4906B00F42BE1 /* ProfileViewController.swift */; };
		EAD507DE290F95DA0087BEEF /* Then in Frameworks */ = {isa = PBXBuildFile; productRef = EAD507DD290F95DA0087BEEF /* Then */; };
		EAD507E9290F96FD0087BEEF /* UIView+Extension.swift in Sources */ = {isa = PBXBuildFile; fileRef = EAD507E8290F96FD0087BEEF /* UIView+Extension.swift */; };
		EAD507EC290F99F00087BEEF /* KakaoLoginViewModel.swift in Sources */ = {isa = PBXBuildFile; fileRef = EAD507EB290F99F00087BEEF /* KakaoLoginViewModel.swift */; };
		EAD507EF290F9B1C0087BEEF /* RxCocoa in Frameworks */ = {isa = PBXBuildFile; productRef = EAD507EE290F9B1C0087BEEF /* RxCocoa */; };
		EAD507F1290F9B1C0087BEEF /* RxSwift in Frameworks */ = {isa = PBXBuildFile; productRef = EAD507F0290F9B1C0087BEEF /* RxSwift */; };
		EAD507F4290F9ECD0087BEEF /* KakaoLoginModel.swift in Sources */ = {isa = PBXBuildFile; fileRef = EAD507F3290F9ECD0087BEEF /* KakaoLoginModel.swift */; };
		EAD507F7290FAFF80087BEEF /* CreateKakaoAccountModel.swift in Sources */ = {isa = PBXBuildFile; fileRef = EAD507F6290FAFF70087BEEF /* CreateKakaoAccountModel.swift */; };
		EAD507FA290FB0200087BEEF /* CreateKakaoAccountViewModel.swift in Sources */ = {isa = PBXBuildFile; fileRef = EAD507F9290FB0200087BEEF /* CreateKakaoAccountViewModel.swift */; };
/* End PBXBuildFile section */

/* Begin PBXFileReference section */
		EA3B4B4F28F539D600AD9AE8 /* UIButton+Extension.swift */ = {isa = PBXFileReference; lastKnownFileType = sourcecode.swift; path = "UIButton+Extension.swift"; sourceTree = "<group>"; };
		EA4F8D4E28EBDA8700216891 /* 1st_Assignment_Basic.app */ = {isa = PBXFileReference; explicitFileType = wrapper.application; includeInIndex = 0; path = 1st_Assignment_Basic.app; sourceTree = BUILT_PRODUCTS_DIR; };
		EA4F8D5128EBDA8700216891 /* AppDelegate.swift */ = {isa = PBXFileReference; lastKnownFileType = sourcecode.swift; path = AppDelegate.swift; sourceTree = "<group>"; };
		EA4F8D5328EBDA8700216891 /* SceneDelegate.swift */ = {isa = PBXFileReference; lastKnownFileType = sourcecode.swift; path = SceneDelegate.swift; sourceTree = "<group>"; };
		EA4F8D5528EBDA8700216891 /* KakaoLoginViewController.swift */ = {isa = PBXFileReference; lastKnownFileType = sourcecode.swift; path = KakaoLoginViewController.swift; sourceTree = "<group>"; };
		EA4F8D5828EBDA8700216891 /* Base */ = {isa = PBXFileReference; lastKnownFileType = file.storyboard; name = Base; path = Base.lproj/Main.storyboard; sourceTree = "<group>"; };
		EA4F8D5A28EBDA8800216891 /* Assets.xcassets */ = {isa = PBXFileReference; lastKnownFileType = folder.assetcatalog; path = Assets.xcassets; sourceTree = "<group>"; };
		EA4F8D5D28EBDA8800216891 /* Base */ = {isa = PBXFileReference; lastKnownFileType = file.storyboard; name = Base; path = Base.lproj/LaunchScreen.storyboard; sourceTree = "<group>"; };
		EA4F8D5F28EBDA8800216891 /* Info.plist */ = {isa = PBXFileReference; lastKnownFileType = text.plist.xml; path = Info.plist; sourceTree = "<group>"; };
		EA4F8D6528EBFC0600216891 /* CreateKakaoAccountViewController.swift */ = {isa = PBXFileReference; lastKnownFileType = sourcecode.swift; path = CreateKakaoAccountViewController.swift; sourceTree = "<group>"; };
		EA4F8D6728EC0D0800216891 /* KakaoLoginSuccessViewController.swift */ = {isa = PBXFileReference; lastKnownFileType = sourcecode.swift; path = KakaoLoginSuccessViewController.swift; sourceTree = "<group>"; };
		EA70612228F47F4700F42BE1 /* FriendListViewController.swift */ = {isa = PBXFileReference; lastKnownFileType = sourcecode.swift; path = FriendListViewController.swift; sourceTree = "<group>"; };
		EA70612828F4906B00F42BE1 /* ProfileViewController.swift */ = {isa = PBXFileReference; lastKnownFileType = sourcecode.swift; path = ProfileViewController.swift; sourceTree = "<group>"; };
		EAD507E8290F96FD0087BEEF /* UIView+Extension.swift */ = {isa = PBXFileReference; lastKnownFileType = sourcecode.swift; path = "UIView+Extension.swift"; sourceTree = "<group>"; };
		EAD507EB290F99F00087BEEF /* KakaoLoginViewModel.swift */ = {isa = PBXFileReference; lastKnownFileType = sourcecode.swift; path = KakaoLoginViewModel.swift; sourceTree = "<group>"; };
		EAD507F3290F9ECD0087BEEF /* KakaoLoginModel.swift */ = {isa = PBXFileReference; lastKnownFileType = sourcecode.swift; path = KakaoLoginModel.swift; sourceTree = "<group>"; };
		EAD507F6290FAFF70087BEEF /* CreateKakaoAccountModel.swift */ = {isa = PBXFileReference; lastKnownFileType = sourcecode.swift; path = CreateKakaoAccountModel.swift; sourceTree = "<group>"; };
		EAD507F9290FB0200087BEEF /* CreateKakaoAccountViewModel.swift */ = {isa = PBXFileReference; lastKnownFileType = sourcecode.swift; path = CreateKakaoAccountViewModel.swift; sourceTree = "<group>"; };
/* End PBXFileReference section */

/* Begin PBXFrameworksBuildPhase section */
		EA4F8D4B28EBDA8700216891 /* Frameworks */ = {
			isa = PBXFrameworksBuildPhase;
			buildActionMask = 2147483647;
			files = (
				EA0EA985290AF1290095A001 /* SwiftyColor in Frameworks */,
				EA70612128F47EA700F42BE1 /* SnapKit in Frameworks */,
				EAD507F1290F9B1C0087BEEF /* RxSwift in Frameworks */,
				EAD507EF290F9B1C0087BEEF /* RxCocoa in Frameworks */,
				EAD507DE290F95DA0087BEEF /* Then in Frameworks */,
			);
			runOnlyForDeploymentPostprocessing = 0;
		};
/* End PBXFrameworksBuildPhase section */

/* Begin PBXGroup section */
		EA3B4B4E28F539BF00AD9AE8 /* Extension */ = {
			isa = PBXGroup;
			children = (
				EA3B4B4F28F539D600AD9AE8 /* UIButton+Extension.swift */,
				EAD507E8290F96FD0087BEEF /* UIView+Extension.swift */,
			);
			path = Extension;
			sourceTree = "<group>";
		};
		EA4F8D4528EBDA8700216891 = {
			isa = PBXGroup;
			children = (
				EA4F8D5028EBDA8700216891 /* 1st_Assignment_Basic */,
				EA4F8D4F28EBDA8700216891 /* Products */,
			);
			sourceTree = "<group>";
		};
		EA4F8D4F28EBDA8700216891 /* Products */ = {
			isa = PBXGroup;
			children = (
				EA4F8D4E28EBDA8700216891 /* 1st_Assignment_Basic.app */,
			);
			name = Products;
			sourceTree = "<group>";
		};
		EA4F8D5028EBDA8700216891 /* 1st_Assignment_Basic */ = {
			isa = PBXGroup;
			children = (
				EA4F8D5128EBDA8700216891 /* AppDelegate.swift */,
				EA4F8D5328EBDA8700216891 /* SceneDelegate.swift */,
				EA3B4B4E28F539BF00AD9AE8 /* Extension */,
				EAD507DF290F95ED0087BEEF /* KakaoLoginScene */,
				EAD507E0290F960D0087BEEF /* CreateKakaoAccountScene */,
				EAD507E1290F96340087BEEF /* KakaoLoginSuccessScene */,
				EAD507E2290F96590087BEEF /* FriendListScene */,
				EA70612728F489B200F42BE1 /* ProfileScene */,
				EA4F8D5728EBDA8700216891 /* Main.storyboard */,
				EA4F8D5A28EBDA8800216891 /* Assets.xcassets */,
				EA4F8D5C28EBDA8800216891 /* LaunchScreen.storyboard */,
				EA4F8D5F28EBDA8800216891 /* Info.plist */,
			);
			path = 1st_Assignment_Basic;
			sourceTree = "<group>";
		};
		EA70612728F489B200F42BE1 /* ProfileScene */ = {
			isa = PBXGroup;
			children = (
				EAD507E7290F96D90087BEEF /* VC */,
			);
			path = ProfileScene;
			sourceTree = "<group>";
		};
		EAD507DF290F95ED0087BEEF /* KakaoLoginScene */ = {
			isa = PBXGroup;
			children = (
				EAD507F2290F9EBE0087BEEF /* Model */,
				EAD507EA290F99D80087BEEF /* ViewModel */,
				EAD507E3290F96A90087BEEF /* VC */,
			);
			path = KakaoLoginScene;
			sourceTree = "<group>";
		};
		EAD507E0290F960D0087BEEF /* CreateKakaoAccountScene */ = {
			isa = PBXGroup;
			children = (
				EAD507F5290FAFE60087BEEF /* Model */,
				EAD507F8290FB0000087BEEF /* ViewModel */,
				EAD507E4290F96C20087BEEF /* VC */,
			);
			path = CreateKakaoAccountScene;
			sourceTree = "<group>";
		};
		EAD507E1290F96340087BEEF /* KakaoLoginSuccessScene */ = {
			isa = PBXGroup;
			children = (
				EAD507E5290F96CA0087BEEF /* VC */,
			);
			path = KakaoLoginSuccessScene;
			sourceTree = "<group>";
		};
		EAD507E2290F96590087BEEF /* FriendListScene */ = {
			isa = PBXGroup;
			children = (
				EAD507E6290F96D20087BEEF /* VC */,
			);
			path = FriendListScene;
			sourceTree = "<group>";
		};
		EAD507E3290F96A90087BEEF /* VC */ = {
			isa = PBXGroup;
			children = (
				EA4F8D5528EBDA8700216891 /* KakaoLoginViewController.swift */,
			);
			path = VC;
			sourceTree = "<group>";
		};
		EAD507E4290F96C20087BEEF /* VC */ = {
			isa = PBXGroup;
			children = (
				EA4F8D6528EBFC0600216891 /* CreateKakaoAccountViewController.swift */,
			);
			path = VC;
			sourceTree = "<group>";
		};
		EAD507E5290F96CA0087BEEF /* VC */ = {
			isa = PBXGroup;
			children = (
				EA4F8D6728EC0D0800216891 /* KakaoLoginSuccessViewController.swift */,
			);
			path = VC;
			sourceTree = "<group>";
		};
		EAD507E6290F96D20087BEEF /* VC */ = {
			isa = PBXGroup;
			children = (
				EA70612228F47F4700F42BE1 /* FriendListViewController.swift */,
			);
			path = VC;
			sourceTree = "<group>";
		};
		EAD507E7290F96D90087BEEF /* VC */ = {
			isa = PBXGroup;
			children = (
				EA70612828F4906B00F42BE1 /* ProfileViewController.swift */,
			);
			path = VC;
			sourceTree = "<group>";
		};
		EAD507EA290F99D80087BEEF /* ViewModel */ = {
			isa = PBXGroup;
			children = (
				EAD507EB290F99F00087BEEF /* KakaoLoginViewModel.swift */,
			);
			path = ViewModel;
			sourceTree = "<group>";
		};
		EAD507F2290F9EBE0087BEEF /* Model */ = {
			isa = PBXGroup;
			children = (
				EAD507F3290F9ECD0087BEEF /* KakaoLoginModel.swift */,
			);
			path = Model;
			sourceTree = "<group>";
		};
		EAD507F5290FAFE60087BEEF /* Model */ = {
			isa = PBXGroup;
			children = (
				EAD507F6290FAFF70087BEEF /* CreateKakaoAccountModel.swift */,
			);
			path = Model;
			sourceTree = "<group>";
		};
		EAD507F8290FB0000087BEEF /* ViewModel */ = {
			isa = PBXGroup;
			children = (
				EAD507F9290FB0200087BEEF /* CreateKakaoAccountViewModel.swift */,
			);
			path = ViewModel;
			sourceTree = "<group>";
		};
/* End PBXGroup section */

/* Begin PBXNativeTarget section */
		EA4F8D4D28EBDA8700216891 /* 1st_Assignment_Basic */ = {
			isa = PBXNativeTarget;
			buildConfigurationList = EA4F8D6228EBDA8800216891 /* Build configuration list for PBXNativeTarget "1st_Assignment_Basic" */;
			buildPhases = (
				EA4F8D4A28EBDA8700216891 /* Sources */,
				EA4F8D4B28EBDA8700216891 /* Frameworks */,
				EA4F8D4C28EBDA8700216891 /* Resources */,
			);
			buildRules = (
			);
			dependencies = (
			);
			name = 1st_Assignment_Basic;
			packageProductDependencies = (
				EA70612028F47EA700F42BE1 /* SnapKit */,
				EA0EA984290AF1290095A001 /* SwiftyColor */,
				EAD507DD290F95DA0087BEEF /* Then */,
				EAD507EE290F9B1C0087BEEF /* RxCocoa */,
				EAD507F0290F9B1C0087BEEF /* RxSwift */,
			);
			productName = 1st_Assignment_Basic;
			productReference = EA4F8D4E28EBDA8700216891 /* 1st_Assignment_Basic.app */;
			productType = "com.apple.product-type.application";
		};
/* End PBXNativeTarget section */

/* Begin PBXProject section */
		EA4F8D4628EBDA8700216891 /* Project object */ = {
			isa = PBXProject;
			attributes = {
				BuildIndependentTargetsInParallel = 1;
				LastSwiftUpdateCheck = 1400;
				LastUpgradeCheck = 1400;
				TargetAttributes = {
					EA4F8D4D28EBDA8700216891 = {
						CreatedOnToolsVersion = 14.0.1;
					};
				};
			};
			buildConfigurationList = EA4F8D4928EBDA8700216891 /* Build configuration list for PBXProject "1st_Assignment_Basic" */;
			compatibilityVersion = "Xcode 13.0";
			developmentRegion = en;
			hasScannedForEncodings = 0;
			knownRegions = (
				en,
				Base,
			);
			mainGroup = EA4F8D4528EBDA8700216891;
			packageReferences = (
				EA70611F28F47EA600F42BE1 /* XCRemoteSwiftPackageReference "SnapKit" */,
				EA0EA983290AF1290095A001 /* XCRemoteSwiftPackageReference "SwiftyColor" */,
				EAD507DC290F95DA0087BEEF /* XCRemoteSwiftPackageReference "Then" */,
				EAD507ED290F9B1C0087BEEF /* XCRemoteSwiftPackageReference "RxSwift" */,
			);
			productRefGroup = EA4F8D4F28EBDA8700216891 /* Products */;
			projectDirPath = "";
			projectRoot = "";
			targets = (
				EA4F8D4D28EBDA8700216891 /* 1st_Assignment_Basic */,
			);
		};
/* End PBXProject section */

/* Begin PBXResourcesBuildPhase section */
		EA4F8D4C28EBDA8700216891 /* Resources */ = {
			isa = PBXResourcesBuildPhase;
			buildActionMask = 2147483647;
			files = (
				EA4F8D5E28EBDA8800216891 /* LaunchScreen.storyboard in Resources */,
				EA4F8D5B28EBDA8800216891 /* Assets.xcassets in Resources */,
				EA4F8D5928EBDA8700216891 /* Main.storyboard in Resources */,
			);
			runOnlyForDeploymentPostprocessing = 0;
		};
/* End PBXResourcesBuildPhase section */

/* Begin PBXSourcesBuildPhase section */
		EA4F8D4A28EBDA8700216891 /* Sources */ = {
			isa = PBXSourcesBuildPhase;
			buildActionMask = 2147483647;
			files = (
				EAD507EC290F99F00087BEEF /* KakaoLoginViewModel.swift in Sources */,
				EA4F8D6628EBFC0600216891 /* CreateKakaoAccountViewController.swift in Sources */,
				EA4F8D6828EC0D0800216891 /* KakaoLoginSuccessViewController.swift in Sources */,
				EA70612328F47F4700F42BE1 /* FriendListViewController.swift in Sources */,
				EAD507F4290F9ECD0087BEEF /* KakaoLoginModel.swift in Sources */,
				EAD507E9290F96FD0087BEEF /* UIView+Extension.swift in Sources */,
				EA70612928F4906B00F42BE1 /* ProfileViewController.swift in Sources */,
				EA4F8D5628EBDA8700216891 /* KakaoLoginViewController.swift in Sources */,
				EA3B4B5028F539D600AD9AE8 /* UIButton+Extension.swift in Sources */,
				EAD507F7290FAFF80087BEEF /* CreateKakaoAccountModel.swift in Sources */,
				EAD507FA290FB0200087BEEF /* CreateKakaoAccountViewModel.swift in Sources */,
				EA4F8D5228EBDA8700216891 /* AppDelegate.swift in Sources */,
				EA4F8D5428EBDA8700216891 /* SceneDelegate.swift in Sources */,
			);
			runOnlyForDeploymentPostprocessing = 0;
		};
/* End PBXSourcesBuildPhase section */

/* Begin PBXVariantGroup section */
		EA4F8D5728EBDA8700216891 /* Main.storyboard */ = {
			isa = PBXVariantGroup;
			children = (
				EA4F8D5828EBDA8700216891 /* Base */,
			);
			name = Main.storyboard;
			sourceTree = "<group>";
		};
		EA4F8D5C28EBDA8800216891 /* LaunchScreen.storyboard */ = {
			isa = PBXVariantGroup;
			children = (
				EA4F8D5D28EBDA8800216891 /* Base */,
			);
			name = LaunchScreen.storyboard;
			sourceTree = "<group>";
		};
/* End PBXVariantGroup section */

/* Begin XCBuildConfiguration section */
		EA4F8D6028EBDA8800216891 /* Debug */ = {
			isa = XCBuildConfiguration;
			buildSettings = {
				ALWAYS_SEARCH_USER_PATHS = NO;
				CLANG_ANALYZER_NONNULL = YES;
				CLANG_ANALYZER_NUMBER_OBJECT_CONVERSION = YES_AGGRESSIVE;
				CLANG_CXX_LANGUAGE_STANDARD = "gnu++20";
				CLANG_ENABLE_MODULES = YES;
				CLANG_ENABLE_OBJC_ARC = YES;
				CLANG_ENABLE_OBJC_WEAK = YES;
				CLANG_WARN_BLOCK_CAPTURE_AUTORELEASING = YES;
				CLANG_WARN_BOOL_CONVERSION = YES;
				CLANG_WARN_COMMA = YES;
				CLANG_WARN_CONSTANT_CONVERSION = YES;
				CLANG_WARN_DEPRECATED_OBJC_IMPLEMENTATIONS = YES;
				CLANG_WARN_DIRECT_OBJC_ISA_USAGE = YES_ERROR;
				CLANG_WARN_DOCUMENTATION_COMMENTS = YES;
				CLANG_WARN_EMPTY_BODY = YES;
				CLANG_WARN_ENUM_CONVERSION = YES;
				CLANG_WARN_INFINITE_RECURSION = YES;
				CLANG_WARN_INT_CONVERSION = YES;
				CLANG_WARN_NON_LITERAL_NULL_CONVERSION = YES;
				CLANG_WARN_OBJC_IMPLICIT_RETAIN_SELF = YES;
				CLANG_WARN_OBJC_LITERAL_CONVERSION = YES;
				CLANG_WARN_OBJC_ROOT_CLASS = YES_ERROR;
				CLANG_WARN_QUOTED_INCLUDE_IN_FRAMEWORK_HEADER = YES;
				CLANG_WARN_RANGE_LOOP_ANALYSIS = YES;
				CLANG_WARN_STRICT_PROTOTYPES = YES;
				CLANG_WARN_SUSPICIOUS_MOVE = YES;
				CLANG_WARN_UNGUARDED_AVAILABILITY = YES_AGGRESSIVE;
				CLANG_WARN_UNREACHABLE_CODE = YES;
				CLANG_WARN__DUPLICATE_METHOD_MATCH = YES;
				COPY_PHASE_STRIP = NO;
				DEBUG_INFORMATION_FORMAT = dwarf;
				ENABLE_STRICT_OBJC_MSGSEND = YES;
				ENABLE_TESTABILITY = YES;
				GCC_C_LANGUAGE_STANDARD = gnu11;
				GCC_DYNAMIC_NO_PIC = NO;
				GCC_NO_COMMON_BLOCKS = YES;
				GCC_OPTIMIZATION_LEVEL = 0;
				GCC_PREPROCESSOR_DEFINITIONS = (
					"DEBUG=1",
					"$(inherited)",
				);
				GCC_WARN_64_TO_32_BIT_CONVERSION = YES;
				GCC_WARN_ABOUT_RETURN_TYPE = YES_ERROR;
				GCC_WARN_UNDECLARED_SELECTOR = YES;
				GCC_WARN_UNINITIALIZED_AUTOS = YES_AGGRESSIVE;
				GCC_WARN_UNUSED_FUNCTION = YES;
				GCC_WARN_UNUSED_VARIABLE = YES;
				IPHONEOS_DEPLOYMENT_TARGET = 16.0;
				MTL_ENABLE_DEBUG_INFO = INCLUDE_SOURCE;
				MTL_FAST_MATH = YES;
				ONLY_ACTIVE_ARCH = YES;
				SDKROOT = iphoneos;
				SWIFT_ACTIVE_COMPILATION_CONDITIONS = DEBUG;
				SWIFT_OPTIMIZATION_LEVEL = "-Onone";
			};
			name = Debug;
		};
		EA4F8D6128EBDA8800216891 /* Release */ = {
			isa = XCBuildConfiguration;
			buildSettings = {
				ALWAYS_SEARCH_USER_PATHS = NO;
				CLANG_ANALYZER_NONNULL = YES;
				CLANG_ANALYZER_NUMBER_OBJECT_CONVERSION = YES_AGGRESSIVE;
				CLANG_CXX_LANGUAGE_STANDARD = "gnu++20";
				CLANG_ENABLE_MODULES = YES;
				CLANG_ENABLE_OBJC_ARC = YES;
				CLANG_ENABLE_OBJC_WEAK = YES;
				CLANG_WARN_BLOCK_CAPTURE_AUTORELEASING = YES;
				CLANG_WARN_BOOL_CONVERSION = YES;
				CLANG_WARN_COMMA = YES;
				CLANG_WARN_CONSTANT_CONVERSION = YES;
				CLANG_WARN_DEPRECATED_OBJC_IMPLEMENTATIONS = YES;
				CLANG_WARN_DIRECT_OBJC_ISA_USAGE = YES_ERROR;
				CLANG_WARN_DOCUMENTATION_COMMENTS = YES;
				CLANG_WARN_EMPTY_BODY = YES;
				CLANG_WARN_ENUM_CONVERSION = YES;
				CLANG_WARN_INFINITE_RECURSION = YES;
				CLANG_WARN_INT_CONVERSION = YES;
				CLANG_WARN_NON_LITERAL_NULL_CONVERSION = YES;
				CLANG_WARN_OBJC_IMPLICIT_RETAIN_SELF = YES;
				CLANG_WARN_OBJC_LITERAL_CONVERSION = YES;
				CLANG_WARN_OBJC_ROOT_CLASS = YES_ERROR;
				CLANG_WARN_QUOTED_INCLUDE_IN_FRAMEWORK_HEADER = YES;
				CLANG_WARN_RANGE_LOOP_ANALYSIS = YES;
				CLANG_WARN_STRICT_PROTOTYPES = YES;
				CLANG_WARN_SUSPICIOUS_MOVE = YES;
				CLANG_WARN_UNGUARDED_AVAILABILITY = YES_AGGRESSIVE;
				CLANG_WARN_UNREACHABLE_CODE = YES;
				CLANG_WARN__DUPLICATE_METHOD_MATCH = YES;
				COPY_PHASE_STRIP = NO;
				DEBUG_INFORMATION_FORMAT = "dwarf-with-dsym";
				ENABLE_NS_ASSERTIONS = NO;
				ENABLE_STRICT_OBJC_MSGSEND = YES;
				GCC_C_LANGUAGE_STANDARD = gnu11;
				GCC_NO_COMMON_BLOCKS = YES;
				GCC_WARN_64_TO_32_BIT_CONVERSION = YES;
				GCC_WARN_ABOUT_RETURN_TYPE = YES_ERROR;
				GCC_WARN_UNDECLARED_SELECTOR = YES;
				GCC_WARN_UNINITIALIZED_AUTOS = YES_AGGRESSIVE;
				GCC_WARN_UNUSED_FUNCTION = YES;
				GCC_WARN_UNUSED_VARIABLE = YES;
				IPHONEOS_DEPLOYMENT_TARGET = 16.0;
				MTL_ENABLE_DEBUG_INFO = NO;
				MTL_FAST_MATH = YES;
				SDKROOT = iphoneos;
				SWIFT_COMPILATION_MODE = wholemodule;
				SWIFT_OPTIMIZATION_LEVEL = "-O";
				VALIDATE_PRODUCT = YES;
			};
			name = Release;
		};
		EA4F8D6328EBDA8800216891 /* Debug */ = {
			isa = XCBuildConfiguration;
			buildSettings = {
				ASSETCATALOG_COMPILER_APPICON_NAME = AppIcon;
				ASSETCATALOG_COMPILER_GLOBAL_ACCENT_COLOR_NAME = AccentColor;
				CODE_SIGN_STYLE = Automatic;
				CURRENT_PROJECT_VERSION = 1;
				DEVELOPMENT_TEAM = WZPRSF7LPK;
				GENERATE_INFOPLIST_FILE = YES;
				INFOPLIST_FILE = 1st_Assignment_Basic/Info.plist;
				INFOPLIST_KEY_UIApplicationSupportsIndirectInputEvents = YES;
				INFOPLIST_KEY_UILaunchStoryboardName = LaunchScreen;
				INFOPLIST_KEY_UIMainStoryboardFile = Main;
				INFOPLIST_KEY_UISupportedInterfaceOrientations_iPad = "UIInterfaceOrientationPortrait UIInterfaceOrientationPortraitUpsideDown UIInterfaceOrientationLandscapeLeft UIInterfaceOrientationLandscapeRight";
				INFOPLIST_KEY_UISupportedInterfaceOrientations_iPhone = "UIInterfaceOrientationPortrait UIInterfaceOrientationLandscapeLeft UIInterfaceOrientationLandscapeRight";
				LD_RUNPATH_SEARCH_PATHS = (
					"$(inherited)",
					"@executable_path/Frameworks",
				);
				MARKETING_VERSION = 1.0;
				PRODUCT_BUNDLE_IDENTIFIER = "std.-st-Assignment-Basic";
				PRODUCT_NAME = "$(TARGET_NAME)";
				SWIFT_EMIT_LOC_STRINGS = YES;
				SWIFT_VERSION = 5.0;
				TARGETED_DEVICE_FAMILY = "1,2";
			};
			name = Debug;
		};
		EA4F8D6428EBDA8800216891 /* Release */ = {
			isa = XCBuildConfiguration;
			buildSettings = {
				ASSETCATALOG_COMPILER_APPICON_NAME = AppIcon;
				ASSETCATALOG_COMPILER_GLOBAL_ACCENT_COLOR_NAME = AccentColor;
				CODE_SIGN_STYLE = Automatic;
				CURRENT_PROJECT_VERSION = 1;
				DEVELOPMENT_TEAM = WZPRSF7LPK;
				GENERATE_INFOPLIST_FILE = YES;
				INFOPLIST_FILE = 1st_Assignment_Basic/Info.plist;
				INFOPLIST_KEY_UIApplicationSupportsIndirectInputEvents = YES;
				INFOPLIST_KEY_UILaunchStoryboardName = LaunchScreen;
				INFOPLIST_KEY_UIMainStoryboardFile = Main;
				INFOPLIST_KEY_UISupportedInterfaceOrientations_iPad = "UIInterfaceOrientationPortrait UIInterfaceOrientationPortraitUpsideDown UIInterfaceOrientationLandscapeLeft UIInterfaceOrientationLandscapeRight";
				INFOPLIST_KEY_UISupportedInterfaceOrientations_iPhone = "UIInterfaceOrientationPortrait UIInterfaceOrientationLandscapeLeft UIInterfaceOrientationLandscapeRight";
				LD_RUNPATH_SEARCH_PATHS = (
					"$(inherited)",
					"@executable_path/Frameworks",
				);
				MARKETING_VERSION = 1.0;
				PRODUCT_BUNDLE_IDENTIFIER = "std.-st-Assignment-Basic";
				PRODUCT_NAME = "$(TARGET_NAME)";
				SWIFT_EMIT_LOC_STRINGS = YES;
				SWIFT_VERSION = 5.0;
				TARGETED_DEVICE_FAMILY = "1,2";
			};
			name = Release;
		};
/* End XCBuildConfiguration section */

/* Begin XCConfigurationList section */
		EA4F8D4928EBDA8700216891 /* Build configuration list for PBXProject "1st_Assignment_Basic" */ = {
			isa = XCConfigurationList;
			buildConfigurations = (
				EA4F8D6028EBDA8800216891 /* Debug */,
				EA4F8D6128EBDA8800216891 /* Release */,
			);
			defaultConfigurationIsVisible = 0;
			defaultConfigurationName = Release;
		};
		EA4F8D6228EBDA8800216891 /* Build configuration list for PBXNativeTarget "1st_Assignment_Basic" */ = {
			isa = XCConfigurationList;
			buildConfigurations = (
				EA4F8D6328EBDA8800216891 /* Debug */,
				EA4F8D6428EBDA8800216891 /* Release */,
			);
			defaultConfigurationIsVisible = 0;
			defaultConfigurationName = Release;
		};
/* End XCConfigurationList section */

/* Begin XCRemoteSwiftPackageReference section */
		EA0EA983290AF1290095A001 /* XCRemoteSwiftPackageReference "SwiftyColor" */ = {
			isa = XCRemoteSwiftPackageReference;
			repositoryURL = "https://github.com/devxoul/SwiftyColor";
			requirement = {
				branch = master;
				kind = branch;
			};
		};
		EA70611F28F47EA600F42BE1 /* XCRemoteSwiftPackageReference "SnapKit" */ = {
			isa = XCRemoteSwiftPackageReference;
			repositoryURL = "https://github.com/SnapKit/SnapKit";
			requirement = {
				branch = develop;
				kind = branch;
			};
		};
		EAD507DC290F95DA0087BEEF /* XCRemoteSwiftPackageReference "Then" */ = {
			isa = XCRemoteSwiftPackageReference;
			repositoryURL = "https://github.com/devxoul/Then";
			requirement = {
				branch = master;
				kind = branch;
			};
		};
		EAD507ED290F9B1C0087BEEF /* XCRemoteSwiftPackageReference "RxSwift" */ = {
			isa = XCRemoteSwiftPackageReference;
			repositoryURL = "https://github.com/ReactiveX/RxSwift";
			requirement = {
				branch = main;
				kind = branch;
			};
		};
/* End XCRemoteSwiftPackageReference section */

/* Begin XCSwiftPackageProductDependency section */
		EA0EA984290AF1290095A001 /* SwiftyColor */ = {
			isa = XCSwiftPackageProductDependency;
			package = EA0EA983290AF1290095A001 /* XCRemoteSwiftPackageReference "SwiftyColor" */;
			productName = SwiftyColor;
		};
		EA70612028F47EA700F42BE1 /* SnapKit */ = {
			isa = XCSwiftPackageProductDependency;
			package = EA70611F28F47EA600F42BE1 /* XCRemoteSwiftPackageReference "SnapKit" */;
			productName = SnapKit;
		};
		EAD507DD290F95DA0087BEEF /* Then */ = {
			isa = XCSwiftPackageProductDependency;
			package = EAD507DC290F95DA0087BEEF /* XCRemoteSwiftPackageReference "Then" */;
			productName = Then;
		};
		EAD507EE290F9B1C0087BEEF /* RxCocoa */ = {
			isa = XCSwiftPackageProductDependency;
			package = EAD507ED290F9B1C0087BEEF /* XCRemoteSwiftPackageReference "RxSwift" */;
			productName = RxCocoa;
		};
		EAD507F0290F9B1C0087BEEF /* RxSwift */ = {
			isa = XCSwiftPackageProductDependency;
			package = EAD507ED290F9B1C0087BEEF /* XCRemoteSwiftPackageReference "RxSwift" */;
			productName = RxSwift;
		};
/* End XCSwiftPackageProductDependency section */
	};
	rootObject = EA4F8D4628EBDA8700216891 /* Project object */;
}
